
Microsoft Visual Studio Solution File, Format Version 12.00
# Visual Studio Version 17
VisualStudioVersion = 17.11.35327.3
MinimumVisualStudioVersion = 10.0.40219.1
Project("{9A19103F-16F7-4668-BE54-9A1E7A4F7556}") = "GpehsOnlineSystem", "GpehsOnlineSystem\GpehsOnlineSystem\GpehsOnlineSystem.csproj", "{51603A52-82B1-4945-8488-67AA4052AEE9}"
EndProject
Project("{9A19103F-16F7-4668-BE54-9A1E7A4F7556}") = "GpehsOnlineSystem.Client", "GpehsOnlineSystem\GpehsOnlineSystem.Client\GpehsOnlineSystem.Client.csproj", "{E3F1244A-4D12-4342-BEC2-F6989C3C7390}"
EndProject
Global
	GlobalSection(SolutionConfigurationPlatforms) = preSolution
		Debug|Any CPU = Debug|Any CPU
		Release|Any CPU = Release|Any CPU
	EndGlobalSection
	GlobalSection(ProjectConfigurationPlatforms) = postSolution
		{51603A52-82B1-4945-8488-67AA4052AEE9}.Debug|Any CPU.ActiveCfg = Debug|Any CPU
		{51603A52-82B1-4945-8488-67AA4052AEE9}.Debug|Any CPU.Build.0 = Debug|Any CPU
		{51603A52-82B1-4945-8488-67AA4052AEE9}.Release|Any CPU.ActiveCfg = Release|Any CPU
		{51603A52-82B1-4945-8488-67AA4052AEE9}.Release|Any CPU.Build.0 = Release|Any CPU
		{E3F1244A-4D12-4342-BEC2-F6989C3C7390}.Debug|Any CPU.ActiveCfg = Debug|Any CPU
		{E3F1244A-4D12-4342-BEC2-F6989C3C7390}.Debug|Any CPU.Build.0 = Debug|Any CPU
		{E3F1244A-4D12-4342-BEC2-F6989C3C7390}.Release|Any CPU.ActiveCfg = Release|Any CPU
		{E3F1244A-4D12-4342-BEC2-F6989C3C7390}.Release|Any CPU.Build.0 = Release|Any CPU
	EndGlobalSection
	GlobalSection(SolutionProperties) = preSolution
		HideSolutionNode = FALSE
	EndGlobalSection
	GlobalSection(ExtensibilityGlobals) = postSolution
		SolutionGuid = {0E792233-586D-4B65-A527-E58234DEF55C}
	EndGlobalSection
EndGlobal
